
Microsoft Visual Studio Solution File, Format Version 12.00
# Visual Studio Version 17
VisualStudioVersion = 17.13.35919.96 d17.13
MinimumVisualStudioVersion = 10.0.40219.1
Project("{8BC9CEB8-8B4A-11D0-8D11-00A0C91BC942}") = "SnakeGameASCII", "SnakeGameASCII\SnakeGameASCII.vcxproj", "{FDF0C035-DA30-446F-8D38-B278B5DE28DE}"
EndProject
Global
	GlobalSection(SolutionConfigurationPlatforms) = preSolution
		Debug|x64 = Debug|x64
		Debug|x86 = Debug|x86
		Release|x64 = Release|x64
		Release|x86 = Release|x86
	EndGlobalSection
	GlobalSection(ProjectConfigurationPlatforms) = postSolution
		{FDF0C035-DA30-446F-8D38-B278B5DE28DE}.Debug|x64.ActiveCfg = Debug|x64
		{FDF0C035-DA30-446F-8D38-B278B5DE28DE}.Debug|x64.Build.0 = Debug|x64
		{FDF0C035-DA30-446F-8D38-B278B5DE28DE}.Debug|x86.ActiveCfg = Debug|Win32
		{FDF0C035-DA30-446F-8D38-B278B5DE28DE}.Debug|x86.Build.0 = Debug|Win32
		{FDF0C035-DA30-446F-8D38-B278B5DE28DE}.Release|x64.ActiveCfg = Release|x64
		{FDF0C035-DA30-446F-8D38-B278B5DE28DE}.Release|x64.Build.0 = Release|x64
		{FDF0C035-DA30-446F-8D38-B278B5DE28DE}.Release|x86.ActiveCfg = Release|Win32
		{FDF0C035-DA30-446F-8D38-B278B5DE28DE}.Release|x86.Build.0 = Release|Win32
	EndGlobalSection
	GlobalSection(SolutionProperties) = preSolution
		HideSolutionNode = FALSE
	EndGlobalSection
	GlobalSection(ExtensibilityGlobals) = postSolution
		SolutionGuid = {2ABC8B93-C51B-421A-B65F-52B1E01DEAC1}
	EndGlobalSection
EndGlobal
